
Microsoft Visual Studio Solution File, Format Version 12.00
# Visual Studio Version 17
VisualStudioVersion = 17.9.34616.47
MinimumVisualStudioVersion = 10.0.40219.1
Project("{9A19103F-16F7-4668-BE54-9A1E7A4F7556}") = "Web", "Web\Web.csproj", "{815AD2E6-8FB2-471B-8075-94889EE3E5B6}"
EndProject
Project("{9A19103F-16F7-4668-BE54-9A1E7A4F7556}") = "Abstracciones", "Abtracciones\Abstracciones.csproj", "{8F4181A3-B061-49F0-8B9A-0BC64BA21BE2}"
EndProject
Global
	GlobalSection(SolutionConfigurationPlatforms) = preSolution
		Debug|Any CPU = Debug|Any CPU
		Release|Any CPU = Release|Any CPU
	EndGlobalSection
	GlobalSection(ProjectConfigurationPlatforms) = postSolution
		{815AD2E6-8FB2-471B-8075-94889EE3E5B6}.Debug|Any CPU.ActiveCfg = Debug|Any CPU
		{815AD2E6-8FB2-471B-8075-94889EE3E5B6}.Debug|Any CPU.Build.0 = Debug|Any CPU
		{815AD2E6-8FB2-471B-8075-94889EE3E5B6}.Release|Any CPU.ActiveCfg = Release|Any CPU
		{815AD2E6-8FB2-471B-8075-94889EE3E5B6}.Release|Any CPU.Build.0 = Release|Any CPU
		{8F4181A3-B061-49F0-8B9A-0BC64BA21BE2}.Debug|Any CPU.ActiveCfg = Debug|Any CPU
		{8F4181A3-B061-49F0-8B9A-0BC64BA21BE2}.Debug|Any CPU.Build.0 = Debug|Any CPU
		{8F4181A3-B061-49F0-8B9A-0BC64BA21BE2}.Release|Any CPU.ActiveCfg = Release|Any CPU
		{8F4181A3-B061-49F0-8B9A-0BC64BA21BE2}.Release|Any CPU.Build.0 = Release|Any CPU
	EndGlobalSection
	GlobalSection(SolutionProperties) = preSolution
		HideSolutionNode = FALSE
	EndGlobalSection
	GlobalSection(ExtensibilityGlobals) = postSolution
		SolutionGuid = {2BEA2BFA-9D2A-416B-8418-4CDEC067DCBC}
	EndGlobalSection
EndGlobal
